
Microsoft Visual Studio Solution File, Format Version 12.00
# Visual Studio Version 16
VisualStudioVersion = 16.0.30717.126
MinimumVisualStudioVersion = 10.0.40219.1
Project("{FAE04EC0-301F-11D3-BF4B-00C04F79EFBC}") = "AttendanceProAPI", "AttendanceProAPI.csproj", "{C1A112DF-68ED-46D3-8098-69C9EEF97221}"
EndProject
Global
	GlobalSection(SolutionConfigurationPlatforms) = preSolution
		Debug|Any CPU = Debug|Any CPU
		Release|Any CPU = Release|Any CPU
	EndGlobalSection
	GlobalSection(ProjectConfigurationPlatforms) = postSolution
		{C1A112DF-68ED-46D3-8098-69C9EEF97221}.Debug|Any CPU.ActiveCfg = Debug|Any CPU
		{C1A112DF-68ED-46D3-8098-69C9EEF97221}.Debug|Any CPU.Build.0 = Debug|Any CPU
		{C1A112DF-68ED-46D3-8098-69C9EEF97221}.Release|Any CPU.ActiveCfg = Release|Any CPU
		{C1A112DF-68ED-46D3-8098-69C9EEF97221}.Release|Any CPU.Build.0 = Release|Any CPU
	EndGlobalSection
	GlobalSection(SolutionProperties) = preSolution
		HideSolutionNode = FALSE
	EndGlobalSection
	GlobalSection(ExtensibilityGlobals) = postSolution
		SolutionGuid = {7745F68D-436A-4596-A607-D15A92BCE768}
	EndGlobalSection
EndGlobal
